// !$*UTF8*$!
{
	archiveVersion = 1;
	classes = {
	};
	objectVersion = 46;
	objects = {

/* Begin PBXBuildFile section */
		176A8A641E818CB0003970BE /* AppDelegate.swift in Sources */ = {isa = PBXBuildFile; fileRef = 176A8A631E818CB0003970BE /* AppDelegate.swift */; };
		176A8A661E818CB0003970BE /* ViewController.swift in Sources */ = {isa = PBXBuildFile; fileRef = 176A8A651E818CB0003970BE /* ViewController.swift */; };
		176A8A691E818CB0003970BE /* Main.storyboard in Resources */ = {isa = PBXBuildFile; fileRef = 176A8A671E818CB0003970BE /* Main.storyboard */; };
		176A8A6B1E818CB0003970BE /* Assets.xcassets in Resources */ = {isa = PBXBuildFile; fileRef = 176A8A6A1E818CB0003970BE /* Assets.xcassets */; };
		176A8A6E1E818CB0003970BE /* LaunchScreen.storyboard in Resources */ = {isa = PBXBuildFile; fileRef = 176A8A6C1E818CB0003970BE /* LaunchScreen.storyboard */; };
		177D61621E881A1800C4A93F /* ViewController.swift in Sources */ = {isa = PBXBuildFile; fileRef = 176A8A651E818CB0003970BE /* ViewController.swift */; };
		177D61631E881A1800C4A93F /* AppDelegate.swift in Sources */ = {isa = PBXBuildFile; fileRef = 176A8A631E818CB0003970BE /* AppDelegate.swift */; };
		177D61661E881A1800C4A93F /* LaunchScreen.storyboard in Resources */ = {isa = PBXBuildFile; fileRef = 176A8A6C1E818CB0003970BE /* LaunchScreen.storyboard */; };
		177D61671E881A1800C4A93F /* Assets.xcassets in Resources */ = {isa = PBXBuildFile; fileRef = 176A8A6A1E818CB0003970BE /* Assets.xcassets */; };
		177D61681E881A1800C4A93F /* Main.storyboard in Resources */ = {isa = PBXBuildFile; fileRef = 176A8A671E818CB0003970BE /* Main.storyboard */; };
/* End PBXBuildFile section */

/* Begin PBXFileReference section */
		176A8A601E818CB0003970BE /* delivery.app */ = {isa = PBXFileReference; explicitFileType = wrapper.application; includeInIndex = 0; path = delivery.app; sourceTree = BUILT_PRODUCTS_DIR; };
		176A8A631E818CB0003970BE /* AppDelegate.swift */ = {isa = PBXFileReference; lastKnownFileType = sourcecode.swift; path = AppDelegate.swift; sourceTree = "<group>"; };
		176A8A651E818CB0003970BE /* ViewController.swift */ = {isa = PBXFileReference; lastKnownFileType = sourcecode.swift; path = ViewController.swift; sourceTree = "<group>"; };
		176A8A681E818CB0003970BE /* Base */ = {isa = PBXFileReference; lastKnownFileType = file.storyboard; name = Base; path = Base.lproj/Main.storyboard; sourceTree = "<group>"; };
		176A8A6A1E818CB0003970BE /* Assets.xcassets */ = {isa = PBXFileReference; lastKnownFileType = folder.assetcatalog; path = Assets.xcassets; sourceTree = "<group>"; };
		176A8A6D1E818CB0003970BE /* Base */ = {isa = PBXFileReference; lastKnownFileType = file.storyboard; name = Base; path = Base.lproj/LaunchScreen.storyboard; sourceTree = "<group>"; };
		176A8A6F1E818CB0003970BE /* Info.plist */ = {isa = PBXFileReference; lastKnownFileType = text.plist.xml; path = Info.plist; sourceTree = "<group>"; };
		177D616C1E881A1800C4A93F /* deliveryBis.app */ = {isa = PBXFileReference; explicitFileType = wrapper.application; includeInIndex = 0; path = deliveryBis.app; sourceTree = BUILT_PRODUCTS_DIR; };
		177D616D1E881A1800C4A93F /* delivery copy-Info.plist */ = {isa = PBXFileReference; lastKnownFileType = text.plist.xml; name = "delivery copy-Info.plist"; path = "/Users/florian/Projets/MobileTribe/delivery/delivery-plugin/src/test/resources/ios/delivery copy-Info.plist"; sourceTree = "<absolute>"; };
/* End PBXFileReference section */

/* Begin PBXFrameworksBuildPhase section */
		176A8A5D1E818CB0003970BE /* Frameworks */ = {
			isa = PBXFrameworksBuildPhase;
			buildActionMask = 2147483647;
			files = (
			);
			runOnlyForDeploymentPostprocessing = 0;
		};
		177D61641E881A1800C4A93F /* Frameworks */ = {
			isa = PBXFrameworksBuildPhase;
			buildActionMask = 2147483647;
			files = (
			);
			runOnlyForDeploymentPostprocessing = 0;
		};
/* End PBXFrameworksBuildPhase section */

/* Begin PBXGroup section */
		176A8A571E818CB0003970BE = {
			isa = PBXGroup;
			children = (
				176A8A621E818CB0003970BE /* delivery */,
				176A8A611E818CB0003970BE /* Products */,
				177D616D1E881A1800C4A93F /* delivery copy-Info.plist */,
			);
			sourceTree = "<group>";
		};
		176A8A611E818CB0003970BE /* Products */ = {
			isa = PBXGroup;
			children = (
				176A8A601E818CB0003970BE /* delivery.app */,
				177D616C1E881A1800C4A93F /* deliveryBis.app */,
			);
			name = Products;
			sourceTree = "<group>";
		};
		176A8A621E818CB0003970BE /* delivery */ = {
			isa = PBXGroup;
			children = (
				176A8A631E818CB0003970BE /* AppDelegate.swift */,
				176A8A651E818CB0003970BE /* ViewController.swift */,
				176A8A671E818CB0003970BE /* Main.storyboard */,
				176A8A6A1E818CB0003970BE /* Assets.xcassets */,
				176A8A6C1E818CB0003970BE /* LaunchScreen.storyboard */,
				176A8A6F1E818CB0003970BE /* Info.plist */,
			);
			path = delivery;
			sourceTree = "<group>";
		};
/* End PBXGroup section */

/* Begin PBXNativeTarget section */
		176A8A5F1E818CB0003970BE /* delivery */ = {
			isa = PBXNativeTarget;
			buildConfigurationList = 176A8A721E818CB0003970BE /* Build configuration list for PBXNativeTarget "delivery" */;
			buildPhases = (
				176A8A5C1E818CB0003970BE /* Sources */,
				176A8A5D1E818CB0003970BE /* Frameworks */,
				176A8A5E1E818CB0003970BE /* Resources */,
			);
			buildRules = (
			);
			dependencies = (
			);
			name = delivery;
			productName = delivery;
			productReference = 176A8A601E818CB0003970BE /* delivery.app */;
			productType = "com.apple.product-type.application";
		};
		177D61601E881A1800C4A93F /* deliveryBis */ = {
			isa = PBXNativeTarget;
			buildConfigurationList = 177D61691E881A1800C4A93F /* Build configuration list for PBXNativeTarget "deliveryBis" */;
			buildPhases = (
				177D61611E881A1800C4A93F /* Sources */,
				177D61641E881A1800C4A93F /* Frameworks */,
				177D61651E881A1800C4A93F /* Resources */,
			);
			buildRules = (
			);
			dependencies = (
			);
			name = deliveryBis;
			productName = delivery;
			productReference = 177D616C1E881A1800C4A93F /* deliveryBis.app */;
			productType = "com.apple.product-type.application";
		};
/* End PBXNativeTarget section */

/* Begin PBXProject section */
		176A8A581E818CB0003970BE /* Project object */ = {
			isa = PBXProject;
			attributes = {
				LastSwiftUpdateCheck = 0820;
				LastUpgradeCheck = 0820;
				ORGANIZATIONNAME = "Leroy Merlin";
				TargetAttributes = {
					176A8A5F1E818CB0003970BE = {
						CreatedOnToolsVersion = 8.2.1;
						DevelopmentTeam = EBT8MWN76X;
						ProvisioningStyle = Manual;
					};
					177D61601E881A1800C4A93F = {
						DevelopmentTeam = EBT8MWN76X;
					};
				};
			};
			buildConfigurationList = 176A8A5B1E818CB0003970BE /* Build configuration list for PBXProject "delivery" */;
			compatibilityVersion = "Xcode 3.2";
			developmentRegion = English;
			hasScannedForEncodings = 0;
			knownRegions = (
				en,
				Base,
			);
			mainGroup = 176A8A571E818CB0003970BE;
			productRefGroup = 176A8A611E818CB0003970BE /* Products */;
			projectDirPath = "";
			projectRoot = "";
			targets = (
				176A8A5F1E818CB0003970BE /* delivery */,
				177D61601E881A1800C4A93F /* deliveryBis */,
			);
		};
/* End PBXProject section */

/* Begin PBXResourcesBuildPhase section */
		176A8A5E1E818CB0003970BE /* Resources */ = {
			isa = PBXResourcesBuildPhase;
			buildActionMask = 2147483647;
			files = (
				176A8A6E1E818CB0003970BE /* LaunchScreen.storyboard in Resources */,
				176A8A6B1E818CB0003970BE /* Assets.xcassets in Resources */,
				176A8A691E818CB0003970BE /* Main.storyboard in Resources */,
			);
			runOnlyForDeploymentPostprocessing = 0;
		};
		177D61651E881A1800C4A93F /* Resources */ = {
			isa = PBXResourcesBuildPhase;
			buildActionMask = 2147483647;
			files = (
				177D61661E881A1800C4A93F /* LaunchScreen.storyboard in Resources */,
				177D61671E881A1800C4A93F /* Assets.xcassets in Resources */,
				177D61681E881A1800C4A93F /* Main.storyboard in Resources */,
			);
			runOnlyForDeploymentPostprocessing = 0;
		};
/* End PBXResourcesBuildPhase section */

/* Begin PBXSourcesBuildPhase section */
		176A8A5C1E818CB0003970BE /* Sources */ = {
			isa = PBXSourcesBuildPhase;
			buildActionMask = 2147483647;
			files = (
				176A8A661E818CB0003970BE /* ViewController.swift in Sources */,
				176A8A641E818CB0003970BE /* AppDelegate.swift in Sources */,
			);
			runOnlyForDeploymentPostprocessing = 0;
		};
		177D61611E881A1800C4A93F /* Sources */ = {
			isa = PBXSourcesBuildPhase;
			buildActionMask = 2147483647;
			files = (
				177D61621E881A1800C4A93F /* ViewController.swift in Sources */,
				177D61631E881A1800C4A93F /* AppDelegate.swift in Sources */,
			);
			runOnlyForDeploymentPostprocessing = 0;
		};
/* End PBXSourcesBuildPhase section */

/* Begin PBXVariantGroup section */
		176A8A671E818CB0003970BE /* Main.storyboard */ = {
			isa = PBXVariantGroup;
			children = (
				176A8A681E818CB0003970BE /* Base */,
			);
			name = Main.storyboard;
			sourceTree = "<group>";
		};
		176A8A6C1E818CB0003970BE /* LaunchScreen.storyboard */ = {
			isa = PBXVariantGroup;
			children = (
				176A8A6D1E818CB0003970BE /* Base */,
			);
			name = LaunchScreen.storyboard;
			sourceTree = "<group>";
		};
/* End PBXVariantGroup section */

/* Begin XCBuildConfiguration section */
		176A8A701E818CB0003970BE /* Debug */ = {
			isa = XCBuildConfiguration;
			buildSettings = {
				ALWAYS_SEARCH_USER_PATHS = NO;
				CLANG_ANALYZER_NONNULL = YES;
				CLANG_CXX_LANGUAGE_STANDARD = "gnu++0x";
				CLANG_CXX_LIBRARY = "libc++";
				CLANG_ENABLE_MODULES = YES;
				CLANG_ENABLE_OBJC_ARC = YES;
				CLANG_WARN_BOOL_CONVERSION = YES;
				CLANG_WARN_CONSTANT_CONVERSION = YES;
				CLANG_WARN_DIRECT_OBJC_ISA_USAGE = YES_ERROR;
				CLANG_WARN_DOCUMENTATION_COMMENTS = YES;
				CLANG_WARN_EMPTY_BODY = YES;
				CLANG_WARN_ENUM_CONVERSION = YES;
				CLANG_WARN_INFINITE_RECURSION = YES;
				CLANG_WARN_INT_CONVERSION = YES;
				CLANG_WARN_OBJC_ROOT_CLASS = YES_ERROR;
				CLANG_WARN_SUSPICIOUS_MOVE = YES;
				CLANG_WARN_UNREACHABLE_CODE = YES;
				CLANG_WARN__DUPLICATE_METHOD_MATCH = YES;
				"CODE_SIGN_IDENTITY[sdk=iphoneos*]" = "iPhone Developer";
				COPY_PHASE_STRIP = NO;
				DEBUG_INFORMATION_FORMAT = dwarf;
				ENABLE_STRICT_OBJC_MSGSEND = YES;
				ENABLE_TESTABILITY = YES;
				GCC_C_LANGUAGE_STANDARD = gnu99;
				GCC_DYNAMIC_NO_PIC = NO;
				GCC_NO_COMMON_BLOCKS = YES;
				GCC_OPTIMIZATION_LEVEL = 0;
				GCC_PREPROCESSOR_DEFINITIONS = (
					"DEBUG=1",
					"$(inherited)",
				);
				GCC_WARN_64_TO_32_BIT_CONVERSION = YES;
				GCC_WARN_ABOUT_RETURN_TYPE = YES_ERROR;
				GCC_WARN_UNDECLARED_SELECTOR = YES;
				GCC_WARN_UNINITIALIZED_AUTOS = YES_AGGRESSIVE;
				GCC_WARN_UNUSED_FUNCTION = YES;
				GCC_WARN_UNUSED_VARIABLE = YES;
				IPHONEOS_DEPLOYMENT_TARGET = 10.2;
				MTL_ENABLE_DEBUG_INFO = YES;
				ONLY_ACTIVE_ARCH = YES;
				SDKROOT = iphoneos;
				SWIFT_ACTIVE_COMPILATION_CONDITIONS = DEBUG;
				SWIFT_OPTIMIZATION_LEVEL = "-Onone";
				TARGETED_DEVICE_FAMILY = "1,2";
			};
			name = Debug;
		};
		176A8A711E818CB0003970BE /* Release */ = {
			isa = XCBuildConfiguration;
			buildSettings = {
				ALWAYS_SEARCH_USER_PATHS = NO;
				CLANG_ANALYZER_NONNULL = YES;
				CLANG_CXX_LANGUAGE_STANDARD = "gnu++0x";
				CLANG_CXX_LIBRARY = "libc++";
				CLANG_ENABLE_MODULES = YES;
				CLANG_ENABLE_OBJC_ARC = YES;
				CLANG_WARN_BOOL_CONVERSION = YES;
				CLANG_WARN_CONSTANT_CONVERSION = YES;
				CLANG_WARN_DIRECT_OBJC_ISA_USAGE = YES_ERROR;
				CLANG_WARN_DOCUMENTATION_COMMENTS = YES;
				CLANG_WARN_EMPTY_BODY = YES;
				CLANG_WARN_ENUM_CONVERSION = YES;
				CLANG_WARN_INFINITE_RECURSION = YES;
				CLANG_WARN_INT_CONVERSION = YES;
				CLANG_WARN_OBJC_ROOT_CLASS = YES_ERROR;
				CLANG_WARN_SUSPICIOUS_MOVE = YES;
				CLANG_WARN_UNREACHABLE_CODE = YES;
				CLANG_WARN__DUPLICATE_METHOD_MATCH = YES;
				"CODE_SIGN_IDENTITY[sdk=iphoneos*]" = "iPhone Developer";
				COPY_PHASE_STRIP = NO;
				DEBUG_INFORMATION_FORMAT = "dwarf-with-dsym";
				ENABLE_NS_ASSERTIONS = NO;
				ENABLE_STRICT_OBJC_MSGSEND = YES;
				GCC_C_LANGUAGE_STANDARD = gnu99;
				GCC_NO_COMMON_BLOCKS = YES;
				GCC_WARN_64_TO_32_BIT_CONVERSION = YES;
				GCC_WARN_ABOUT_RETURN_TYPE = YES_ERROR;
				GCC_WARN_UNDECLARED_SELECTOR = YES;
				GCC_WARN_UNINITIALIZED_AUTOS = YES_AGGRESSIVE;
				GCC_WARN_UNUSED_FUNCTION = YES;
				GCC_WARN_UNUSED_VARIABLE = YES;
				IPHONEOS_DEPLOYMENT_TARGET = 10.2;
				MTL_ENABLE_DEBUG_INFO = NO;
				SDKROOT = iphoneos;
				SWIFT_OPTIMIZATION_LEVEL = "-Owholemodule";
				TARGETED_DEVICE_FAMILY = "1,2";
				VALIDATE_PRODUCT = YES;
			};
			name = Release;
		};
		176A8A731E818CB0003970BE /* Debug */ = {
			isa = XCBuildConfiguration;
			buildSettings = {
				ASSETCATALOG_COMPILER_APPICON_NAME = AppIcon;
				"CODE_SIGN_IDENTITY[sdk=iphoneos*]" = "iPhone Distribution";
				DEVELOPMENT_TEAM = EBT8MWN76X;
				INFOPLIST_FILE = delivery/Info.plist;
				LD_RUNPATH_SEARCH_PATHS = "$(inherited) @executable_path/Frameworks";
				PRODUCT_BUNDLE_IDENTIFIER = com.leroymerlin.delivery;
				PRODUCT_NAME = "$(TARGET_NAME)";
				PROVISIONING_PROFILE = "6543a6d2-a01b-453d-962f-f9a2e0d624d3";
				PROVISIONING_PROFILE_SPECIFIER = LM_Distribution_Provisioning_Profile_2017;
				SWIFT_VERSION = 3.0;
			};
			name = Debug;
		};
		176A8A741E818CB0003970BE /* Release */ = {
			isa = XCBuildConfiguration;
			buildSettings = {
				ASSETCATALOG_COMPILER_APPICON_NAME = AppIcon;
				"CODE_SIGN_IDENTITY[sdk=iphoneos*]" = "iPhone Distribution";
				DEVELOPMENT_TEAM = EBT8MWN76X;
				INFOPLIST_FILE = delivery/Info.plist;
				LD_RUNPATH_SEARCH_PATHS = "$(inherited) @executable_path/Frameworks";
				PRODUCT_BUNDLE_IDENTIFIER = com.leroymerlin.delivery;
				PRODUCT_NAME = "$(TARGET_NAME)";
				PROVISIONING_PROFILE = "6543a6d2-a01b-453d-962f-f9a2e0d624d3";
				PROVISIONING_PROFILE_SPECIFIER = LM_Distribution_Provisioning_Profile_2017;
				SWIFT_VERSION = 3.0;
			};
			name = Release;
		};
		177D616A1E881A1800C4A93F /* Debug */ = {
			isa = XCBuildConfiguration;
			buildSettings = {
				ASSETCATALOG_COMPILER_APPICON_NAME = AppIcon;
				"CODE_SIGN_IDENTITY[sdk=iphoneos*]" = "iPhone Distribution";
				DEVELOPMENT_TEAM = EBT8MWN76X;
				INFOPLIST_FILE = "delivery copy-Info.plist";
				LD_RUNPATH_SEARCH_PATHS = "$(inherited) @executable_path/Frameworks";
				PRODUCT_BUNDLE_IDENTIFIER = com.leroymerlin.delivery;
				PRODUCT_NAME = "$(TARGET_NAME)";
				PROVISIONING_PROFILE = "6543a6d2-a01b-453d-962f-f9a2e0d624d3";
				PROVISIONING_PROFILE_SPECIFIER = LM_Distribution_Provisioning_Profile_2017;
				SWIFT_VERSION = 3.0;
			};
			name = Debug;
		};
		177D616B1E881A1800C4A93F /* Release */ = {
			isa = XCBuildConfiguration;
			buildSettings = {
				ASSETCATALOG_COMPILER_APPICON_NAME = AppIcon;
				"CODE_SIGN_IDENTITY[sdk=iphoneos*]" = "iPhone Distribution";
				DEVELOPMENT_TEAM = EBT8MWN76X;
				INFOPLIST_FILE = "delivery copy-Info.plist";
				LD_RUNPATH_SEARCH_PATHS = "$(inherited) @executable_path/Frameworks";
				PRODUCT_BUNDLE_IDENTIFIER = com.leroymerlin.delivery;
				PRODUCT_NAME = "$(TARGET_NAME)";
				PROVISIONING_PROFILE = "6543a6d2-a01b-453d-962f-f9a2e0d624d3";
				PROVISIONING_PROFILE_SPECIFIER = LM_Distribution_Provisioning_Profile_2017;
				SWIFT_VERSION = 3.0;
			};
			name = Release;
		};
/* End XCBuildConfiguration section */

/* Begin XCConfigurationList section */
		176A8A5B1E818CB0003970BE /* Build configuration list for PBXProject "delivery" */ = {
			isa = XCConfigurationList;
			buildConfigurations = (
				176A8A701E818CB0003970BE /* Debug */,
				176A8A711E818CB0003970BE /* Release */,
			);
			defaultConfigurationIsVisible = 0;
			defaultConfigurationName = Release;
		};
		176A8A721E818CB0003970BE /* Build configuration list for PBXNativeTarget "delivery" */ = {
			isa = XCConfigurationList;
			buildConfigurations = (
				176A8A731E818CB0003970BE /* Debug */,
				176A8A741E818CB0003970BE /* Release */,
			);
			defaultConfigurationIsVisible = 0;
			defaultConfigurationName = Release;
		};
		177D61691E881A1800C4A93F /* Build configuration list for PBXNativeTarget "deliveryBis" */ = {
			isa = XCConfigurationList;
			buildConfigurations = (
				177D616A1E881A1800C4A93F /* Debug */,
				177D616B1E881A1800C4A93F /* Release */,
			);
			defaultConfigurationIsVisible = 0;
			defaultConfigurationName = Release;
		};
/* End XCConfigurationList section */
	};
	rootObject = 176A8A581E818CB0003970BE /* Project object */;
}
